<?xml version="1.0" encoding="utf-8"?>
<Project ToolsVersion="4.0" xmlns="http://schemas.microsoft.com/developer/msbuild/2003">
  <ItemGroup>
    <Filter Include="Resource files">
      <UniqueIdentifier>{67DA6AB6-F800-4c08-8B7A-83BB121AAD01}</UniqueIdentifier>
      <Extensions>rc;ico;cur;bmp;dlg;rc2;rct;bin;rgs;gif;jpg;jpeg;jpe;resx;tiff;tif;png;wav;mfcribbon-ms</Extensions>
    </Filter>
    <Filter Include="Source files">
      <UniqueIdentifier>{4FC737F1-C7A5-4376-A066-2A32D752A2FF}</UniqueIdentifier>
      <Extensions>cpp;c;cc;cxx;c++;cppm;ixx;def;odl;idl;hpj;bat;asm;asmx</Extensions>
    </Filter>
    <Filter Include="Source files\imgui">
      <UniqueIdentifier>{a7bcb7cb-3760-42c2-9260-76329d21199e}</UniqueIdentifier>
    </Filter>
    <Filter Include="Header files">
      <UniqueIdentifier>{93995380-89BD-4b04-88EB-625FBE52EBFB}</UniqueIdentifier>
      <Extensions>h;hh;hpp;hxx;h++;hm;inl;inc;ipp;xsd</Extensions>
    </Filter>
    <Filter Include="Header files\SigScan">
      <UniqueIdentifier>{6ee30ea1-c9ed-4aa0-ad23-0bcd6d4a198d}</UniqueIdentifier>
    </Filter>
    <Filter Include="Header files\Hacks">
      <UniqueIdentifier>{96a775f0-2891-487e-af6c-4c6572e4232a}</UniqueIdentifier>
    </Filter>
    <Filter Include="Header files\Interfaces">
      <UniqueIdentifier>{fb364672-1a12-43f7-8145-9d1ee7b3f4f9}</UniqueIdentifier>
    </Filter>
    <Filter Include="Header files\Events">
      <UniqueIdentifier>{c5887a9e-46bb-400f-8eeb-d5dae5a74f61}</UniqueIdentifier>
    </Filter>
    <Filter Include="Header files\Utils">
      <UniqueIdentifier>{3a9abafc-4f87-4c4e-9b06-903ef0087f3c}</UniqueIdentifier>
    </Filter>
    <Filter Include="Header files\UI">
      <UniqueIdentifier>{b431f54f-3531-4beb-a3ff-d2b837c371dd}</UniqueIdentifier>
    </Filter>
    <Filter Include="Header files\Protobufs">
      <UniqueIdentifier>{856c36d3-30b7-4edf-9833-13617fa2d71b}</UniqueIdentifier>
    </Filter>
    <Filter Include="Source files\Protobuf Messages">
      <UniqueIdentifier>{a6b22c09-c300-4fa0-b9dc-05fce663c711}</UniqueIdentifier>
    </Filter>
    <Filter Include="Header files\Protobuf Messages">
      <UniqueIdentifier>{f9c05d2c-da8b-4639-86fd-e3322ecdc055}</UniqueIdentifier>
    </Filter>
    <Filter Include="Header files\Hooks">
      <UniqueIdentifier>{a99fdb0c-6680-4f5d-88cb-aaadf8759d5a}</UniqueIdentifier>
    </Filter>
    <Filter Include="Header files\Lua">
      <UniqueIdentifier>{6bc97820-53b1-4cf7-bda5-e43dd37004e3}</UniqueIdentifier>
    </Filter>
  </ItemGroup>
  <ItemGroup>
    <ClCompile Include="dllmain.cpp">
      <Filter>Source files</Filter>
    </ClCompile>
    <ClCompile Include="pch.cpp">
      <Filter>Header files</Filter>
    </ClCompile>
    <ClCompile Include="patterscan.cpp">
      <Filter>Header files\SigScan</Filter>
    </ClCompile>
    <ClCompile Include="proc.cpp">
      <Filter>Header files\SigScan</Filter>
    </ClCompile>
    <ClCompile Include="include\imgui\imgui.cpp">
      <Filter>Source files\imgui</Filter>
    </ClCompile>
    <ClCompile Include="include\imgui\imgui_demo.cpp">
      <Filter>Source files\imgui</Filter>
    </ClCompile>
    <ClCompile Include="include\imgui\imgui_draw.cpp">
      <Filter>Source files\imgui</Filter>
    </ClCompile>
    <ClCompile Include="include\imgui\imgui_impl_glfw.cpp">
      <Filter>Source files\imgui</Filter>
    </ClCompile>
    <ClCompile Include="include\imgui\imgui_impl_opengl3.cpp">
      <Filter>Source files\imgui</Filter>
    </ClCompile>
    <ClCompile Include="include\imgui\imgui_tables.cpp">
      <Filter>Source files\imgui</Filter>
    </ClCompile>
    <ClCompile Include="include\imgui\imgui_widgets.cpp">
      <Filter>Source files\imgui</Filter>
    </ClCompile>
    <ClCompile Include="CDOTAParticleManager.cpp">
      <Filter>Source files</Filter>
    </ClCompile>
    <ClCompile Include="Messages\messages.pb.cc">
      <Filter>Source files\Protobuf Messages</Filter>
    </ClCompile>
  </ItemGroup>
  <ItemGroup>
    <ClInclude Include="vtabler.h">
      <Filter>Header files</Filter>
    </ClInclude>
    <ClInclude Include="Schema.h">
      <Filter>Header files</Filter>
    </ClInclude>
    <ClInclude Include="patternscan.h">
      <Filter>Header files\SigScan</Filter>
    </ClInclude>
    <ClInclude Include="proc.h">
      <Filter>Header files\SigScan</Filter>
    </ClInclude>
    <ClInclude Include="Interfaces.h">
      <Filter>Header files</Filter>
    </ClInclude>
    <ClInclude Include="sdk.h">
      <Filter>Header files</Filter>
    </ClInclude>
    <ClInclude Include="Signatures.h">
      <Filter>Header files</Filter>
    </ClInclude>
    <ClInclude Include="Wrappers.h">
      <Filter>Header files</Filter>
    </ClInclude>
    <ClInclude Include="ConVar.h">
      <Filter>Header files</Filter>
    </ClInclude>
    <ClInclude Include="dllmain.h">
      <Filter>Header files</Filter>
    </ClInclude>
    <ClInclude Include="Globals.h">
      <Filter>Header files</Filter>
    </ClInclude>
    <ClInclude Include="Enums.h">
      <Filter>Header files</Filter>
    </ClInclude>
    <ClInclude Include="CUtlVector.h">
      <Filter>Header files</Filter>
    </ClInclude>
    <ClInclude Include="AutoUseMagicWand.h">
      <Filter>Header files\Hacks</Filter>
    </ClInclude>
    <ClInclude Include="AutoUseMidas.h">
      <Filter>Header files\Hacks</Filter>
    </ClInclude>
    <ClInclude Include="CGameEntitySystem.h">
      <Filter>Header files\Interfaces</Filter>
    </ClInclude>
    <ClInclude Include="MatchStateHandling.h">
      <Filter>Header files\Events</Filter>
    </ClInclude>
    <ClInclude Include="IEngineClient.h">
      <Filter>Header files\Interfaces</Filter>
    </ClInclude>
    <ClInclude Include="AutoBuyTome.h">
      <Filter>Header files\Hacks</Filter>
    </ClInclude>
    <ClInclude Include="ValveClasses.h">
      <Filter>Header files</Filter>
    </ClInclude>
    <ClInclude Include="AbilityCooldownTracking.h">
      <Filter>Header files\Hacks</Filter>
    </ClInclude>
    <ClInclude Include="HookHelper.h">
      <Filter>Header files</Filter>
    </ClInclude>
    <ClInclude Include="Input.h">
      <Filter>Header files\Utils</Filter>
    </ClInclude>
    <ClInclude Include="UIState.h">
      <Filter>Header files\UI</Filter>
    </ClInclude>
    <ClInclude Include="IScriptVM.h">
      <Filter>Header files\Interfaces</Filter>
    </ClInclude>
    <ClInclude Include="CDOTAParticleManager.h">
      <Filter>Header files\Interfaces</Filter>
    </ClInclude>
    <ClInclude Include="include.h">
      <Filter>Header files</Filter>
    </ClInclude>
    <ClInclude Include="CGameEventManager.h">
      <Filter>Header files\Interfaces</Filter>
    </ClInclude>
    <ClInclude Include="CInputService.h">
      <Filter>Header files\Interfaces</Filter>
    </ClInclude>
    <ClInclude Include="CBaseFileSystem.h">
      <Filter>Header files\Interfaces</Filter>
    </ClInclude>
    <ClInclude Include="SunStrikeHighlighter.h">
      <Filter>Header files\Hacks</Filter>
    </ClInclude>
    <ClInclude Include="SpiritBreakerChargeHighlighter.h">
      <Filter>Header files\Hacks</Filter>
    </ClInclude>
    <ClInclude Include="EventListeners.h">
      <Filter>Header files\Events</Filter>
    </ClInclude>
    <ClInclude Include="VBE.h">
      <Filter>Header files\Hacks</Filter>
    </ClInclude>
    <ClInclude Include="IllusionColoring.h">
      <Filter>Header files\Hacks</Filter>
    </ClInclude>
    <ClInclude Include="DebugFunctions.h">
      <Filter>Header files</Filter>
    </ClInclude>
    <ClInclude Include="CGCClient.h">
      <Filter>Header files\Interfaces</Filter>
    </ClInclude>
    <ClInclude Include="AegisAutoPickup.h">
      <Filter>Header files\Hacks</Filter>
    </ClInclude>
    <ClInclude Include="RiverPaint.h">
      <Filter>Header files\Hacks</Filter>
    </ClInclude>
    <ClInclude Include="Config.h">
      <Filter>Header files</Filter>
    </ClInclude>
    <ClInclude Include="Drawing.h">
      <Filter>Header files\Utils</Filter>
    </ClInclude>
    <ClInclude Include="AttackTargetFinder.h">
      <Filter>Header files\Utils</Filter>
    </ClInclude>
    <ClInclude Include="ProtobufDefineFix.h">
      <Filter>Header files\Protobufs</Filter>
    </ClInclude>
    <ClInclude Include="ArmletAbuse.h">
      <Filter>Header files\Hacks</Filter>
    </ClInclude>
    <ClInclude Include="BadCastPrevention.h">
      <Filter>Header files\Hacks</Filter>
    </ClInclude>
    <ClInclude Include="ShakerAttackAnimFix.h">
      <Filter>Header files\Hacks</Filter>
    </ClInclude>
    <ClInclude Include="Hooks\RunFrame.h">
      <Filter>Header files\Hooks</Filter>
    </ClInclude>
    <ClInclude Include="Hooks\PrepareUnitOrders.h">
      <Filter>Header files\Hooks</Filter>
    </ClInclude>
    <ClInclude Include="Messages\messages.pb.h">
      <Filter>Header files\Protobuf Messages</Filter>
    </ClInclude>
    <ClInclude Include="pch.h">
      <Filter>Header files</Filter>
    </ClInclude>
    <ClInclude Include="Hooks\EntitySystemEvents.h">
      <Filter>Header files\Hooks</Filter>
    </ClInclude>
    <ClInclude Include="Hooks\VMT.h">
      <Filter>Header files\Hooks</Filter>
    </ClInclude>
    <ClInclude Include="Hooks\NetChannel.h">
      <Filter>Header files\Hooks</Filter>
    </ClInclude>
    <ClInclude Include="Netvars.h">
      <Filter>Header files</Filter>
    </ClInclude>
    <ClInclude Include="Context.h">
      <Filter>Header files</Filter>
    </ClInclude>
    <ClInclude Include="Lua\LuaInitialization.h">
      <Filter>Header files\Lua</Filter>
    </ClInclude>
    <ClInclude Include="Lua\LuaModules.h">
      <Filter>Header files\Lua</Filter>
    </ClInclude>
    <ClInclude Include="Hooks\ParticleRendering.h">
      <Filter>Header files\Hooks</Filter>
    </ClInclude>
  </ItemGroup>
  <ItemGroup>
    <None Include="messages.proto">
      <Filter>Header files\Protobufs</Filter>
    </None>
  </ItemGroup>
</Project>