<?xml version="1.0" encoding="utf-8"?>
<Project ToolsVersion="4.0" xmlns="http://schemas.microsoft.com/developer/msbuild/2003">
  <ItemGroup>
    <ClCompile Include="CheatSDK\Config.cpp" />
    <ClCompile Include="CheatSDK\Hooking.cpp" />
    <ClCompile Include="Hooks\ModifierEvents.cpp" />
    <ClCompile Include="Hooks\NetChannel.cpp" />
    <ClCompile Include="Hooks\PrepareUnitOrders.cpp" />
    <ClCompile Include="ImGuiSDK\Elements.cpp" />
    <ClCompile Include="include\imgui\imgui_stdlib.cpp" />
    <ClCompile Include="CheatSDK\MatchStateHandling.cpp" />
    <ClCompile Include="Modules\Hacks\AegisSnatcher.cpp" />
    <ClCompile Include="Modules\Hacks\AutoBuyTome.cpp" />
    <ClCompile Include="Modules\Hacks\AutoDodge.cpp" />
    <ClCompile Include="Modules\Hacks\AutoHeal.cpp" />
    <ClCompile Include="Modules\Hacks\AutoMidas.cpp" />
    <ClCompile Include="Modules\Hacks\AutoPick.cpp" />
    <ClCompile Include="Modules\Hacks\AutoPing.cpp" />
    <ClCompile Include="Modules\Hacks\BadCastPrevention.cpp" />
    <ClCompile Include="Modules\Hacks\CastRedirection.cpp" />
    <ClCompile Include="Modules\Hacks\DotaPlusUnlocker.cpp" />
    <ClCompile Include="Modules\Hacks\EnemySpellHighlight.cpp" />
    <ClCompile Include="Modules\Hacks\IllusionColoring.cpp" />
    <ClCompile Include="Modules\Hacks\LastHitMarker.cpp" />
    <ClCompile Include="Modules\Hacks\LinearProjectileWarner.cpp" />
    <ClCompile Include="Modules\Hacks\ParticleAbilityWarner.cpp" />
    <ClCompile Include="Modules\Hacks\PerfectBlink.cpp" />
    <ClCompile Include="Modules\Hacks\SkinChanger.cpp" />
    <ClCompile Include="Modules\Hacks\TargetedSpellHighlighter.cpp" />
    <ClCompile Include="Modules\UI\AbilityESP.cpp" />
    <ClCompile Include="Modules\UI\TPTracker.cpp" />
    <ClCompile Include="Modules\UI\UIOverhaul.cpp" />
    <ClCompile Include="Modules\Utility\AttackAnimTracker.cpp" />
    <ClCompile Include="Modules\Utility\AttackTargetFinder.cpp" />
    <ClCompile Include="Modules\Utility\ParticleGC.cpp" />
    <ClCompile Include="SDK\Entities\CDOTABaseNPC.cpp" />
    <ClCompile Include="SDK\Entities\CDOTAPlayerController.cpp" />
    <ClCompile Include="SDK\Entities\CDOTAUnitInventory.cpp" />
    <ClCompile Include="SDK\GameSystems\CDOTAParticleManager.cpp" />
    <ClCompile Include="dllmain.cpp" />
    <ClCompile Include="include\imgui\imgui.cpp" />
    <ClCompile Include="include\imgui\imgui_demo.cpp" />
    <ClCompile Include="include\imgui\imgui_draw.cpp" />
    <ClCompile Include="include\imgui\imgui_tables.cpp" />
    <ClCompile Include="include\imgui\imgui_widgets.cpp" />
    <ClCompile Include="SDK\GameSystems\C_DOTAGameRules.cpp" />
    <ClCompile Include="CheatSDK\Globals\GameSystems.cpp" />
    <ClCompile Include="CheatSDK\Globals\Interfaces.cpp" />
    <ClCompile Include="CheatSDK\Globals\Signatures.cpp" />
    <ClCompile Include="pch.cpp" />
    <ClCompile Include="SDK\Protobufs\base_gcmessages.pb.cc" />
    <ClCompile Include="SDK\Protobufs\dota_clientmessages.pb.cc" />
    <ClCompile Include="SDK\Protobufs\dota_commonmessages.pb.cc" />
    <ClCompile Include="SDK\Protobufs\dota_gcmessages_common.pb.cc" />
    <ClCompile Include="SDK\Protobufs\dota_gcmessages_msgid.pb.cc" />
    <ClCompile Include="SDK\Protobufs\dota_shared_enums.pb.cc" />
    <ClCompile Include="SDK\Protobufs\dota_usermessages.pb.cc" />
    <ClCompile Include="SDK\Protobufs\econ_gcmessages.pb.cc" />
    <ClCompile Include="SDK\Protobufs\econ_shared_enums.pb.cc" />
    <ClCompile Include="SDK\Protobufs\gcsdk_gcmessages.pb.cc" />
    <ClCompile Include="SDK\Protobufs\netmessages.pb.cc" />
    <ClCompile Include="SDK\Protobufs\networkbasetypes.pb.cc" />
    <ClCompile Include="SDK\Protobufs\network_connection.pb.cc" />
    <ClCompile Include="SDK\Protobufs\steammessages.pb.cc" />
    <ClCompile Include="SDK\Protobufs\steammessages_steamlearn.steamworkssdk.pb.cc" />
    <ClCompile Include="SDK\Protobufs\steammessages_unified_base.steamworkssdk.pb.cc" />
    <ClCompile Include="SDK\Protobufs\usermessages.pb.cc" />
    <ClCompile Include="UI\Pages\AutoPickSelectionGrid.cpp" />
    <ClCompile Include="Utils\Drawing.cpp" />
    <ClCompile Include="Modules\Hacks\TrueSightESP.cpp" />
    <ClCompile Include="SDK\Protobufs\c_peer2peer_netmessages.pb.cc" />
    <ClCompile Include="SDK\Protobufs\clientmessages.pb.cc" />
    <ClCompile Include="SDK\Protobufs\connectionless_netmessages.pb.cc" />
    <ClCompile Include="SDK\Protobufs\demo.pb.cc" />
    <ClCompile Include="SDK\Protobufs\dota_broadcastmessages.pb.cc" />
    <ClCompile Include="SDK\Protobufs\dota_client_enums.pb.cc" />
    <ClCompile Include="SDK\Protobufs\dota_gcmessages_client.pb.cc" />
    <ClCompile Include="SDK\Protobufs\dota_gcmessages_client_battle_report.pb.cc" />
    <ClCompile Include="SDK\Protobufs\dota_gcmessages_client_candy_shop.pb.cc" />
    <ClCompile Include="SDK\Protobufs\dota_gcmessages_client_chat.pb.cc" />
    <ClCompile Include="SDK\Protobufs\dota_gcmessages_client_coaching.pb.cc" />
    <ClCompile Include="SDK\Protobufs\dota_gcmessages_client_fantasy.pb.cc" />
    <ClCompile Include="SDK\Protobufs\dota_gcmessages_client_guild.pb.cc" />
    <ClCompile Include="SDK\Protobufs\dota_gcmessages_client_guild_events.pb.cc" />
    <ClCompile Include="SDK\Protobufs\dota_gcmessages_client_match_management.pb.cc" />
    <ClCompile Include="SDK\Protobufs\dota_gcmessages_client_team.pb.cc" />
    <ClCompile Include="SDK\Protobufs\dota_gcmessages_client_tournament.pb.cc" />
    <ClCompile Include="SDK\Protobufs\dota_gcmessages_client_watch.pb.cc" />
    <ClCompile Include="SDK\Protobufs\dota_gcmessages_common_bot_script.pb.cc" />
    <ClCompile Include="SDK\Protobufs\dota_gcmessages_common_league.pb.cc" />
    <ClCompile Include="SDK\Protobufs\dota_gcmessages_common_lobby.pb.cc" />
    <ClCompile Include="SDK\Protobufs\dota_gcmessages_common_match_management.pb.cc" />
    <ClCompile Include="SDK\Protobufs\dota_gcmessages_server.pb.cc" />
    <ClCompile Include="SDK\Protobufs\dota_gcmessages_webapi.pb.cc" />
    <ClCompile Include="SDK\Protobufs\dota_hud_types.pb.cc" />
    <ClCompile Include="SDK\Protobufs\dota_match_metadata.pb.cc" />
    <ClCompile Include="SDK\Protobufs\dota_messages_mlbot.pb.cc" />
    <ClCompile Include="SDK\Protobufs\dota_modifiers.pb.cc" />
    <ClCompile Include="SDK\Protobufs\dota_scenariomessages.pb.cc" />
    <ClCompile Include="SDK\Protobufs\dota_usercmd.pb.cc" />
    <ClCompile Include="SDK\Protobufs\engine_gcmessages.pb.cc" />
    <ClCompile Include="SDK\Protobufs\enums_clientserver.pb.cc" />
    <ClCompile Include="SDK\Protobufs\gameevents.pb.cc" />
    <ClCompile Include="SDK\Protobufs\gametoolevents.pb.cc" />
    <ClCompile Include="SDK\Protobufs\gcsystemmsgs.pb.cc" />
    <ClCompile Include="SDK\Protobufs\networksystem_protomessages.pb.cc" />
    <ClCompile Include="SDK\Protobufs\steamdatagram_messages_auth.pb.cc" />
    <ClCompile Include="SDK\Protobufs\steamdatagram_messages_sdr.pb.cc" />
    <ClCompile Include="SDK\Protobufs\steammessages_cloud.steamworkssdk.pb.cc" />
    <ClCompile Include="SDK\Protobufs\steammessages_gamenetworkingui.pb.cc" />
    <ClCompile Include="SDK\Protobufs\steammessages_helprequest.steamworkssdk.pb.cc" />
    <ClCompile Include="SDK\Protobufs\steammessages_int.pb.cc" />
    <ClCompile Include="SDK\Protobufs\steammessages_oauth.steamworkssdk.pb.cc" />
    <ClCompile Include="SDK\Protobufs\steammessages_player.steamworkssdk.pb.cc" />
    <ClCompile Include="SDK\Protobufs\steammessages_publishedfile.steamworkssdk.pb.cc" />
    <ClCompile Include="SDK\Protobufs\steamnetworkingsockets_messages.pb.cc" />
    <ClCompile Include="SDK\Protobufs\steamnetworkingsockets_messages_certs.pb.cc" />
    <ClCompile Include="SDK\Protobufs\steamnetworkingsockets_messages_udp.pb.cc" />
    <ClCompile Include="SDK\Protobufs\te.pb.cc" />
    <ClCompile Include="SDK\Protobufs\uifontfile_format.pb.cc" />
    <ClCompile Include="SDK\Protobufs\usercmd.pb.cc" />
    <ClCompile Include="SDK\Protobufs\valveextensions.pb.cc" />
    <ClCompile Include="Modules\UI\Indicators\KillIndicator.cpp" />
    <ClCompile Include="Modules\UI\Indicators\SpeedIndicator.cpp" />
    <ClCompile Include="CheatSDK\Utils.cpp" />
    <ClCompile Include="Modules\UI\BlinkRevealer.cpp" />
    <ClCompile Include="Modules\UI\ParticleMaphack.cpp" />
    <ClCompile Include="Modules\UI\BarAugmenter.cpp" />
    <ClCompile Include="Modules\Hacks\AutoAccept.cpp" />
    <ClCompile Include="UI\Pages\MainMenu.cpp" />
    <ClCompile Include="Hooks\GameCoordinator.cpp" />
    <ClCompile Include="Modules\Hacks\ManaHPAbuse.cpp" />
    <ClCompile Include="SDK\GameSystems\CRenderGameSystem.cpp" />
    <ClCompile Include="SDK\GameSystems\CGlobalVars.cpp" />
    <ClCompile Include="Hooks\SteamGC.cpp" />
    <ClCompile Include="Modules\Utility\OrderRouter.cpp" />
    <ClCompile Include="Modules\Hacks\TreeChanger.cpp" />
    <ClCompile Include="Modules\Utility\CVarSpoofer.cpp" />
    <ClCompile Include="include\imgui\imgui_impl_win32.cpp" />
    <ClCompile Include="include\imgui\imgui_impl_dx11.cpp" />
    <ClCompile Include="CheatSDK\Systems\TextureManager.cpp" />
    <ClCompile Include="CheatSDK\Systems\CheatManager.cpp" />
    <ClCompile Include="Hooks\Present.cpp" />
    <ClCompile Include="Modules\Hacks\ClaimTutorialRewards.cpp" />
    <ClCompile Include="SDK\Base\KeyValues.cpp" />
    <ClCompile Include="SDK\Panorama\CUIPanel.cpp" />
    <ClCompile Include="CheatSDK\Data\EntityList.cpp" />
    <ClCompile Include="DebugFunctions.cpp" />
    <ClCompile Include="SDK\GameSystems\CGameEventManager.cpp" />
    <ClCompile Include="Hooks\FrameStageNotify.cpp" />
    <ClCompile Include="UI\LoadingMenu.cpp" />
    <ClCompile Include="CheatSDK\GameEventListeners\dota_player_update_assigned_hero.cpp" />
    <ClCompile Include="CheatSDK\VTexDecoders\DXT5Decoder.cpp" />
    <ClCompile Include="CheatSDK\VTexDecoders\VTexParser.cpp" />
  </ItemGroup>
  <ItemGroup>
    <ClInclude Include="Modules\UI\UIOverhaul.h" />
    <ClInclude Include="SDK\GameSystems\CDOTA_PanoramaMinimapRenderer.h" />
    <ClInclude Include="SDK\Interfaces\CGameUI.h" />
    <ClInclude Include="Hooks\Misc.h" />
    <ClInclude Include="Hooks\AcceptEvents.h" />
    <ClInclude Include="ImGuiSDK\Elements.h" />
    <ClInclude Include="include\imgui\imgui_stdlib.h" />
    <ClInclude Include="Modules\UI\AbilityESP.h" />
    <ClInclude Include="Modules\Hacks\AegisSnatcher.h" />
    <ClInclude Include="Modules\Hacks\ClaimTutorialRewards.h" />
    <ClInclude Include="Modules\Hacks\DotaPlusUnlocker.h" />
    <ClInclude Include="Modules\Hacks\LastHitMarker.h" />
    <ClInclude Include="Modules\Hacks\SkinChanger.h" />
    <ClInclude Include="Modules\Utility\AttackTargetFinder.h" />
    <ClInclude Include="Modules\Hacks\AutoBuyTome.h" />
    <ClInclude Include="Modules\Hacks\AutoDodge.h" />
    <ClInclude Include="Modules\Hacks\AutoPick.h" />
    <ClInclude Include="Modules\Hacks\AutoPing.h" />
    <ClInclude Include="Modules\Hacks\AutoHeal.h" />
    <ClInclude Include="Modules\Hacks\AutoMidas.h" />
    <ClInclude Include="Modules\Hacks\BadCastPrevention.h" />
    <ClInclude Include="Modules\Utility\AttackAnimTracker.h" />
    <ClInclude Include="Modules\UI\TPTracker.h" />
    <ClInclude Include="SDK\Base\Bytehook.h" />
    <ClInclude Include="SDK\Base\Color.h" />
    <ClInclude Include="SDK\Base\Definitions.h" />
    <ClInclude Include="SDK\Base\Function.h" />
    <ClInclude Include="SDK\Base\Memory.h" />
    <ClInclude Include="SDK\Base\NormalClass.h" />
    <ClInclude Include="SDK\Base\StringUtils.h" />
    <ClInclude Include="SDK\Base\VClass.h" />
    <ClInclude Include="Modules\Hacks\CastRedirection.h" />
    <ClInclude Include="SDK\Base\Vector.h" />
    <ClInclude Include="SDK\Base\VMT.h" />
    <ClInclude Include="SDK\Entities\CDOTABaseAbility.h" />
    <ClInclude Include="SDK\Entities\CDOTABaseNPCHero.h" />
    <ClInclude Include="SDK\Entities\CDOTAItem.h" />
    <ClInclude Include="SDK\Entities\CDOTAUnitInventory.h" />
    <ClInclude Include="SDK\Entities\CDOTAItemRune.h" />
    <ClInclude Include="SDK\Entities\CDOTAModifier.h" />
    <ClInclude Include="SDK\Entities\CDOTAModifierManager.h" />
    <ClInclude Include="SDK\Entities\CDOTAPlayerController.h" />
    <ClInclude Include="SDK\GameSystems\CDOTARichPresence.h" />
    <ClInclude Include="SDK\GameSystems\C_DOTAGameRules.h" />
    <ClInclude Include="SDK\GameSystems\C_DOTA_PlayerResource.h" />
    <ClInclude Include="SDK\GameSystems\C_DOTA_ProjectileManager.h" />
    <ClInclude Include="CheatSDK\Globals\GameSystems.h" />
    <ClInclude Include="SDK\Interfaces\CBaseFileSystem.h" />
    <ClInclude Include="SDK\GameSystems\CDOTAParticleManager.h" />
    <ClInclude Include="SDK\Interfaces\CGameEntitySystem.h" />
    <ClInclude Include="SDK\GameSystems\CGameEventManager.h" />
    <ClInclude Include="SDK\Interfaces\GC\CEconItem.h" />
    <ClInclude Include="SDK\Interfaces\GC\CGCClient.h" />
    <ClInclude Include="SDK\Interfaces\CInputService.h" />
    <ClInclude Include="CheatSDK\Config.h" />
    <ClInclude Include="DebugFunctions.h" />
    <ClInclude Include="SDK\Interfaces\CResourceSystem.h" />
    <ClInclude Include="SDK\Interfaces\GC\ItemSchema.h" />
    <ClInclude Include="SDK\Interfaces\ISteamClient.h" />
    <ClInclude Include="SDK\Protobufs\base_gcmessages.pb.h" />
    <ClInclude Include="SDK\Protobufs\dota_gcmessages_common.pb.h" />
    <ClInclude Include="UI\Pages\AutoPickSelectionGrid.h" />
    <ClInclude Include="Utils\Drawing.h" />
    <ClInclude Include="CheatSDK\Globals\Context.h" />
    <ClInclude Include="CheatSDK\EventListeners.h" />
    <ClInclude Include="CheatSDK\Hooking.h" />
    <ClInclude Include="Modules\Hacks\LinearProjectileWarner.h" />
    <ClInclude Include="Hooks\NetChannel.h" />
    <ClInclude Include="Hooks\ModifierEvents.h" />
    <ClInclude Include="CheatSDK\Globals\Interfaces.h" />
    <ClInclude Include="SDK\Interfaces\Network\bf_read.h" />
    <ClInclude Include="SDK\Interfaces\Network\bf_write.h" />
    <ClInclude Include="SDK\Interfaces\Network\CNetworkMessages.h" />
    <ClInclude Include="SDK\Interfaces\Network\INetChannel.h" />
    <ClInclude Include="SDK\Netvars.h" />
    <ClInclude Include="Hooks\PrepareUnitOrders.h" />
    <ClInclude Include="Modules\Hacks\IllusionColoring.h" />
    <ClInclude Include="Hooks\ParticleRendering.h" />
    <ClInclude Include="SDK\Panorama\CUIRenderDeviceSource2.h" />
    <ClInclude Include="Modules\Hacks\ParticleAbilityWarner.h" />
    <ClInclude Include="Modules\Utility\ParticleGC.h" />
    <ClInclude Include="Modules\Hacks\PerfectBlink.h" />
    <ClInclude Include="SDK\Protobufs\dota_clientmessages.pb.h" />
    <ClInclude Include="SDK\Protobufs\dota_commonmessages.pb.h" />
    <ClInclude Include="SDK\Protobufs\dota_gcmessages_msgid.pb.h" />
    <ClInclude Include="SDK\Protobufs\dota_shared_enums.pb.h" />
    <ClInclude Include="SDK\Protobufs\dota_usermessages.pb.h" />
    <ClInclude Include="SDK\Protobufs\econ_gcmessages.pb.h" />
    <ClInclude Include="SDK\Protobufs\econ_shared_enums.pb.h" />
    <ClInclude Include="SDK\Protobufs\gcsdk_gcmessages.pb.h" />
    <ClInclude Include="SDK\Protobufs\netmessages.pb.h" />
    <ClInclude Include="SDK\Protobufs\networkbasetypes.pb.h" />
    <ClInclude Include="SDK\Protobufs\network_connection.pb.h" />
    <ClInclude Include="SDK\Protobufs\steammessages.pb.h" />
    <ClInclude Include="SDK\Protobufs\steammessages_steamlearn.steamworkssdk.pb.h" />
    <ClInclude Include="SDK\Protobufs\steammessages_unified_base.steamworkssdk.pb.h" />
    <ClInclude Include="SDK\Protobufs\usermessages.pb.h" />
    <ClInclude Include="Modules\Hacks\RiverPaint.h" />
    <ClInclude Include="Modules\Hacks\ShakerAttackAnimFix.h" />
    <ClInclude Include="Modules\Hacks\TargetedSpellHighlighter.h" />
    <ClInclude Include="Modules\Hacks\EnemySpellHighlight.h" />
    <ClInclude Include="SDK\VTableIndexes.h" />
    <ClInclude Include="SDK\Interfaces\CVarSystem.h" />
    <ClInclude Include="SDK\Base\CUtlVector.h" />
    <ClInclude Include="SDK\Enums.h" />
    <ClInclude Include="SDK\Interfaces\IEngineClient.h" />
    <ClInclude Include="CheatSDK\MatchStateHandling.h" />
    <ClInclude Include="SDK\Interfaces\SchemaSystem.h" />
    <ClInclude Include="CheatSDK\Globals\Signatures.h" />
    <ClInclude Include="SDK\Entities\CBaseEntity.h" />
    <ClInclude Include="SDK\Entities\CDOTABaseNPC.h" />
    <ClInclude Include="SDK\Entities\CEntityIdentity.h" />
    <ClInclude Include="UI\Pages\MainMenu.h" />
    <ClInclude Include="SDK\Base\Logging.h" />
    <ClInclude Include="Modules\Hacks\TrueSightESP.h" />
    <ClInclude Include="SDK\Protobufs\c_peer2peer_netmessages.pb.h" />
    <ClInclude Include="SDK\Protobufs\clientmessages.pb.h" />
    <ClInclude Include="SDK\Protobufs\connectionless_netmessages.pb.h" />
    <ClInclude Include="SDK\Protobufs\demo.pb.h" />
    <ClInclude Include="SDK\Protobufs\dota_broadcastmessages.pb.h" />
    <ClInclude Include="SDK\Protobufs\dota_client_enums.pb.h" />
    <ClInclude Include="SDK\Protobufs\dota_gcmessages_client.pb.h" />
    <ClInclude Include="SDK\Protobufs\dota_gcmessages_client_battle_report.pb.h" />
    <ClInclude Include="SDK\Protobufs\dota_gcmessages_client_candy_shop.pb.h" />
    <ClInclude Include="SDK\Protobufs\dota_gcmessages_client_chat.pb.h" />
    <ClInclude Include="SDK\Protobufs\dota_gcmessages_client_coaching.pb.h" />
    <ClInclude Include="SDK\Protobufs\dota_gcmessages_client_fantasy.pb.h" />
    <ClInclude Include="SDK\Protobufs\dota_gcmessages_client_guild.pb.h" />
    <ClInclude Include="SDK\Protobufs\dota_gcmessages_client_guild_events.pb.h" />
    <ClInclude Include="SDK\Protobufs\dota_gcmessages_client_match_management.pb.h" />
    <ClInclude Include="SDK\Protobufs\dota_gcmessages_client_team.pb.h" />
    <ClInclude Include="SDK\Protobufs\dota_gcmessages_client_tournament.pb.h" />
    <ClInclude Include="SDK\Protobufs\dota_gcmessages_client_watch.pb.h" />
    <ClInclude Include="SDK\Protobufs\dota_gcmessages_common_bot_script.pb.h" />
    <ClInclude Include="SDK\Protobufs\dota_gcmessages_common_league.pb.h" />
    <ClInclude Include="SDK\Protobufs\dota_gcmessages_common_lobby.pb.h" />
    <ClInclude Include="SDK\Protobufs\dota_gcmessages_common_match_management.pb.h" />
    <ClInclude Include="SDK\Protobufs\dota_gcmessages_server.pb.h" />
    <ClInclude Include="SDK\Protobufs\dota_gcmessages_webapi.pb.h" />
    <ClInclude Include="SDK\Protobufs\dota_hud_types.pb.h" />
    <ClInclude Include="SDK\Protobufs\dota_match_metadata.pb.h" />
    <ClInclude Include="SDK\Protobufs\dota_messages_mlbot.pb.h" />
    <ClInclude Include="SDK\Protobufs\dota_modifiers.pb.h" />
    <ClInclude Include="SDK\Protobufs\dota_scenariomessages.pb.h" />
    <ClInclude Include="SDK\Protobufs\dota_usercmd.pb.h" />
    <ClInclude Include="SDK\Protobufs\engine_gcmessages.pb.h" />
    <ClInclude Include="SDK\Protobufs\enums_clientserver.pb.h" />
    <ClInclude Include="SDK\Protobufs\gameevents.pb.h" />
    <ClInclude Include="SDK\Protobufs\gametoolevents.pb.h" />
    <ClInclude Include="SDK\Protobufs\gcsystemmsgs.pb.h" />
    <ClInclude Include="SDK\Protobufs\networksystem_protomessages.pb.h" />
    <ClInclude Include="SDK\Protobufs\steamdatagram_messages_auth.pb.h" />
    <ClInclude Include="SDK\Protobufs\steamdatagram_messages_sdr.pb.h" />
    <ClInclude Include="SDK\Protobufs\steammessages_cloud.steamworkssdk.pb.h" />
    <ClInclude Include="SDK\Protobufs\steammessages_gamenetworkingui.pb.h" />
    <ClInclude Include="SDK\Protobufs\steammessages_helprequest.steamworkssdk.pb.h" />
    <ClInclude Include="SDK\Protobufs\steammessages_int.pb.h" />
    <ClInclude Include="SDK\Protobufs\steammessages_oauth.steamworkssdk.pb.h" />
    <ClInclude Include="SDK\Protobufs\steammessages_player.steamworkssdk.pb.h" />
    <ClInclude Include="SDK\Protobufs\steammessages_publishedfile.steamworkssdk.pb.h" />
    <ClInclude Include="SDK\Protobufs\steamnetworkingsockets_messages.pb.h" />
    <ClInclude Include="SDK\Protobufs\steamnetworkingsockets_messages_certs.pb.h" />
    <ClInclude Include="SDK\Protobufs\steamnetworkingsockets_messages_udp.pb.h" />
    <ClInclude Include="SDK\Protobufs\te.pb.h" />
    <ClInclude Include="SDK\Protobufs\uifontfile_format.pb.h" />
    <ClInclude Include="SDK\Protobufs\usercmd.pb.h" />
    <ClInclude Include="SDK\Protobufs\valveextensions.pb.h" />
    <ClInclude Include="CheatSDK\Utils.h" />
    <ClInclude Include="CheatSDK\include.h" />
    <ClInclude Include="Modules\UI\Indicators\SpeedIndicator.h" />
    <ClInclude Include="Modules\UI\Indicators\KillIndicator.h" />
    <ClInclude Include="CheatSDK\Bytes\Fonts.h" />
    <ClInclude Include="CheatSDK\Data\DrawData.h" />
    <ClInclude Include="Modules\UI\BlinkRevealer.h" />
    <ClInclude Include="SDK\Base\Address.h" />
    <ClInclude Include="Modules\UI\ParticleMaphack.h" />
    <ClInclude Include="Modules\UI\MultiThreadModule.h" />
    <ClInclude Include="CheatSDK\Data\HeroData.h" />
    <ClInclude Include="Modules\UI\BarAugmenter.h" />
    <ClInclude Include="Modules\Hacks\AutoAccept.h" />
    <ClInclude Include="CheatSDK\Globals\SignatureDB.h" />
    <ClInclude Include="SDK\Entities\CHandle.h" />
    <ClInclude Include="SDK\Interfaces\GC\CEconWearable.h" />
    <ClInclude Include="Hooks\GameCoordinator.h" />
    <ClInclude Include="SDK\GameSystems\CGlobalVars.h" />
    <ClInclude Include="SDK\Base\MemAlloc.h" />
    <ClInclude Include="CheatSDK\Systems\EventManager.h" />
    <ClInclude Include="CheatSDK\GameEventListeners\map_shutdown.h" />
    <ClInclude Include="CheatSDK\GameEventListeners\dota_player_update_assigned_hero.h" />
    <ClInclude Include="CheatSDK\GameEventListeners\dota_game_state_change.h" />
    <ClInclude Include="Modules\Hacks\ManaHPAbuse.h" />
    <ClInclude Include="SDK\GameSystems\CDOTA_MinimapObjectManager.h" />
    <ClInclude Include="SDK\Interfaces\ISteamGameCoordinator.h" />
    <ClInclude Include="Hooks\SteamGC.h" />
    <ClInclude Include="SDK\Interfaces\GC\ISharedObjectListener.h" />
    <ClInclude Include="SDK\Interfaces\GC\CDOTAGCLobbyManager.h" />
    <ClInclude Include="SDK\GameSystems\CGameParticleManagerSystem.h" />
    <ClInclude Include="SDK\GameSystems\CRenderGameSystem.h" />
    <ClInclude Include="SDK\Interfaces\Network\CNetworkGameClient.h" />
    <ClInclude Include="SDK\Interfaces\Network\INetworkClientService.h" />
    <ClInclude Include="SDK\Interfaces\IAppSystem.h" />
    <ClInclude Include="SDK\Interfaces\CSoundOpSystem.h" />
    <ClInclude Include="Modules\Utility\OrderRouter.h" />
    <ClInclude Include="SDK\GameSystems\CDOTA_BinaryObjectSystem.h" />
    <ClInclude Include="Modules\Hacks\TreeChanger.h" />
    <ClInclude Include="Modules\Utility\CVarSpoofer.h" />
    <ClInclude Include="CheatSDK\Data\UIData.h" />
    <ClInclude Include="Hooks\Present.h" />
    <ClInclude Include="CheatSDK\KeyHandler.h" />
    <ClInclude Include="CheatSDK\Systems\CheatManager.h" />
    <ClInclude Include="CheatSDK\Systems\TextureManager.h" />
    <ClInclude Include="include\imgui\imgui_impl_win32.h" />
    <ClInclude Include="include\imgui\imgui_impl_dx11.h" />
    <ClInclude Include="Modules\UI\ModifierESP.h" />
    <ClInclude Include="CheatSDK\Data\EntityList.h" />
    <ClInclude Include="Modules\MListeners.h" />
    <ClInclude Include="pch.h" />
    <ClInclude Include="SDK\include.h" />
    <ClInclude Include="CheatSDK\Globals\include.h" />
    <ClInclude Include="CheatSDK\Globals\Panorama.h" />
    <ClInclude Include="SDK\Panorama\CLocalization.h" />
    <ClInclude Include="SDK\Panorama\CUIEngineSource2.h" />
    <ClInclude Include="SDK\Panorama\CUIPanel.h" />
    <ClInclude Include="SDK\Panorama\CPanel2D.h" />
    <ClInclude Include="SDK\Panorama\CSource2UITexture.h" />
    <ClInclude Include="SDK\Base\KeyValues.h" />
    <ClInclude Include="SDK\Interfaces\CFlattenedSerializers.h" />
    <ClInclude Include="SDK\GameSystems\CDOTAInventoryManager.h" />
    <ClInclude Include="Hooks\FrameStageNotify.h" />
    <ClInclude Include="UI\LoadingMenu.h" />
    <ClInclude Include="CheatSDK\GameEventListeners\event_func.h" />
    <ClInclude Include="CheatSDK\VTexDecoders\DXT5Decoder.h" />
    <ClInclude Include="CheatSDK\VTexDecoders\VTexParser.h" />
    <ClInclude Include="CheatSDK\VTexDecoders\vtex.h" />
    <ClInclude Include="CheatSDK\Systems\AssetManager.h" />
  </ItemGroup>
</Project>