
Microsoft Visual Studio Solution File, Format Version 12.00
# Visual Studio Version 17
VisualStudioVersion = 17.2.32630.192
MinimumVisualStudioVersion = 10.0.40219.1
Project("{8BC9CEB8-8B4A-11D0-8D11-00A0C91BC942}") = "Dota2Cheat", "Dota2Cheat\Dota2Cheat.vcxproj", "{31159CB4-C0B0-4E13-9AFE-F3088805C3A6}"
EndProject
Project("{8BC9CEB8-8B4A-11D0-8D11-00A0C91BC942}") = "Dota2Loader", "Dota2Loader\Dota2Loader.vcxproj", "{ABF71969-1BD2-41E0-88B2-343FD0655F47}"
EndProject
Project("{8BC9CEB8-8B4A-11D0-8D11-00A0C91BC942}") = "PudgeDumper", "PudgeDumper\TestDll.vcxproj", "{7829BEC0-3818-40A8-B915-961500ED7941}"
EndProject
Project("{8BC9CEB8-8B4A-11D0-8D11-00A0C91BC942}") = "BlackBone", "Dota2Loader\include\BlackBone\BlackBone.vcxproj", "{A2C53563-46F5-4D87-903F-3F1F2FDB2DEB}"
EndProject
Global
	GlobalSection(SolutionConfigurationPlatforms) = preSolution
		Debug(DLL)|x64 = Debug(DLL)|x64
		Debug(DLL)|x86 = Debug(DLL)|x86
		Debug(XP)|x64 = Debug(XP)|x64
		Debug(XP)|x86 = Debug(XP)|x86
		Debug|x64 = Debug|x64
		Debug|x86 = Debug|x86
		Release(DLL)|x64 = Release(DLL)|x64
		Release(DLL)|x86 = Release(DLL)|x86
		Release(XP)|x64 = Release(XP)|x64
		Release(XP)|x86 = Release(XP)|x86
		Release|x64 = Release|x64
		Release|x86 = Release|x86
	EndGlobalSection
	GlobalSection(ProjectConfigurationPlatforms) = postSolution
		{31159CB4-C0B0-4E13-9AFE-F3088805C3A6}.Debug(DLL)|x64.ActiveCfg = Debug|x64
		{31159CB4-C0B0-4E13-9AFE-F3088805C3A6}.Debug(DLL)|x64.Build.0 = Debug|x64
		{31159CB4-C0B0-4E13-9AFE-F3088805C3A6}.Debug(DLL)|x86.ActiveCfg = Debug|Win32
		{31159CB4-C0B0-4E13-9AFE-F3088805C3A6}.Debug(DLL)|x86.Build.0 = Debug|Win32
		{31159CB4-C0B0-4E13-9AFE-F3088805C3A6}.Debug(XP)|x64.ActiveCfg = Debug|x64
		{31159CB4-C0B0-4E13-9AFE-F3088805C3A6}.Debug(XP)|x64.Build.0 = Debug|x64
		{31159CB4-C0B0-4E13-9AFE-F3088805C3A6}.Debug(XP)|x86.ActiveCfg = Debug|Win32
		{31159CB4-C0B0-4E13-9AFE-F3088805C3A6}.Debug(XP)|x86.Build.0 = Debug|Win32
		{31159CB4-C0B0-4E13-9AFE-F3088805C3A6}.Debug|x64.ActiveCfg = Debug|x64
		{31159CB4-C0B0-4E13-9AFE-F3088805C3A6}.Debug|x64.Build.0 = Debug|x64
		{31159CB4-C0B0-4E13-9AFE-F3088805C3A6}.Debug|x86.ActiveCfg = Debug|Win32
		{31159CB4-C0B0-4E13-9AFE-F3088805C3A6}.Debug|x86.Build.0 = Debug|Win32
		{31159CB4-C0B0-4E13-9AFE-F3088805C3A6}.Release(DLL)|x64.ActiveCfg = Release|x64
		{31159CB4-C0B0-4E13-9AFE-F3088805C3A6}.Release(DLL)|x64.Build.0 = Release|x64
		{31159CB4-C0B0-4E13-9AFE-F3088805C3A6}.Release(DLL)|x86.ActiveCfg = Release|Win32
		{31159CB4-C0B0-4E13-9AFE-F3088805C3A6}.Release(DLL)|x86.Build.0 = Release|Win32
		{31159CB4-C0B0-4E13-9AFE-F3088805C3A6}.Release(XP)|x64.ActiveCfg = Release|x64
		{31159CB4-C0B0-4E13-9AFE-F3088805C3A6}.Release(XP)|x64.Build.0 = Release|x64
		{31159CB4-C0B0-4E13-9AFE-F3088805C3A6}.Release(XP)|x86.ActiveCfg = Release|Win32
		{31159CB4-C0B0-4E13-9AFE-F3088805C3A6}.Release(XP)|x86.Build.0 = Release|Win32
		{31159CB4-C0B0-4E13-9AFE-F3088805C3A6}.Release|x64.ActiveCfg = Release|x64
		{31159CB4-C0B0-4E13-9AFE-F3088805C3A6}.Release|x64.Build.0 = Release|x64
		{31159CB4-C0B0-4E13-9AFE-F3088805C3A6}.Release|x86.ActiveCfg = Release|Win32
		{31159CB4-C0B0-4E13-9AFE-F3088805C3A6}.Release|x86.Build.0 = Release|Win32
		{ABF71969-1BD2-41E0-88B2-343FD0655F47}.Debug(DLL)|x64.ActiveCfg = Debug|x64
		{ABF71969-1BD2-41E0-88B2-343FD0655F47}.Debug(DLL)|x64.Build.0 = Debug|x64
		{ABF71969-1BD2-41E0-88B2-343FD0655F47}.Debug(DLL)|x86.ActiveCfg = Debug|Win32
		{ABF71969-1BD2-41E0-88B2-343FD0655F47}.Debug(DLL)|x86.Build.0 = Debug|Win32
		{ABF71969-1BD2-41E0-88B2-343FD0655F47}.Debug(XP)|x64.ActiveCfg = Debug|x64
		{ABF71969-1BD2-41E0-88B2-343FD0655F47}.Debug(XP)|x64.Build.0 = Debug|x64
		{ABF71969-1BD2-41E0-88B2-343FD0655F47}.Debug(XP)|x86.ActiveCfg = Debug|Win32
		{ABF71969-1BD2-41E0-88B2-343FD0655F47}.Debug(XP)|x86.Build.0 = Debug|Win32
		{ABF71969-1BD2-41E0-88B2-343FD0655F47}.Debug|x64.ActiveCfg = Debug|x64
		{ABF71969-1BD2-41E0-88B2-343FD0655F47}.Debug|x64.Build.0 = Debug|x64
		{ABF71969-1BD2-41E0-88B2-343FD0655F47}.Debug|x86.ActiveCfg = Debug|Win32
		{ABF71969-1BD2-41E0-88B2-343FD0655F47}.Debug|x86.Build.0 = Debug|Win32
		{ABF71969-1BD2-41E0-88B2-343FD0655F47}.Release(DLL)|x64.ActiveCfg = Release|x64
		{ABF71969-1BD2-41E0-88B2-343FD0655F47}.Release(DLL)|x64.Build.0 = Release|x64
		{ABF71969-1BD2-41E0-88B2-343FD0655F47}.Release(DLL)|x86.ActiveCfg = Release|Win32
		{ABF71969-1BD2-41E0-88B2-343FD0655F47}.Release(DLL)|x86.Build.0 = Release|Win32
		{ABF71969-1BD2-41E0-88B2-343FD0655F47}.Release(XP)|x64.ActiveCfg = Release|x64
		{ABF71969-1BD2-41E0-88B2-343FD0655F47}.Release(XP)|x64.Build.0 = Release|x64
		{ABF71969-1BD2-41E0-88B2-343FD0655F47}.Release(XP)|x86.ActiveCfg = Release|Win32
		{ABF71969-1BD2-41E0-88B2-343FD0655F47}.Release(XP)|x86.Build.0 = Release|Win32
		{ABF71969-1BD2-41E0-88B2-343FD0655F47}.Release|x64.ActiveCfg = Release|x64
		{ABF71969-1BD2-41E0-88B2-343FD0655F47}.Release|x64.Build.0 = Release|x64
		{ABF71969-1BD2-41E0-88B2-343FD0655F47}.Release|x86.ActiveCfg = Release|Win32
		{ABF71969-1BD2-41E0-88B2-343FD0655F47}.Release|x86.Build.0 = Release|Win32
		{7829BEC0-3818-40A8-B915-961500ED7941}.Debug(DLL)|x64.ActiveCfg = Debug|x64
		{7829BEC0-3818-40A8-B915-961500ED7941}.Debug(DLL)|x64.Build.0 = Debug|x64
		{7829BEC0-3818-40A8-B915-961500ED7941}.Debug(DLL)|x86.ActiveCfg = Debug|Win32
		{7829BEC0-3818-40A8-B915-961500ED7941}.Debug(DLL)|x86.Build.0 = Debug|Win32
		{7829BEC0-3818-40A8-B915-961500ED7941}.Debug(XP)|x64.ActiveCfg = Debug|x64
		{7829BEC0-3818-40A8-B915-961500ED7941}.Debug(XP)|x64.Build.0 = Debug|x64
		{7829BEC0-3818-40A8-B915-961500ED7941}.Debug(XP)|x86.ActiveCfg = Debug|Win32
		{7829BEC0-3818-40A8-B915-961500ED7941}.Debug(XP)|x86.Build.0 = Debug|Win32
		{7829BEC0-3818-40A8-B915-961500ED7941}.Debug|x64.ActiveCfg = Debug|x64
		{7829BEC0-3818-40A8-B915-961500ED7941}.Debug|x64.Build.0 = Debug|x64
		{7829BEC0-3818-40A8-B915-961500ED7941}.Debug|x86.ActiveCfg = Debug|Win32
		{7829BEC0-3818-40A8-B915-961500ED7941}.Debug|x86.Build.0 = Debug|Win32
		{7829BEC0-3818-40A8-B915-961500ED7941}.Release(DLL)|x64.ActiveCfg = Release|x64
		{7829BEC0-3818-40A8-B915-961500ED7941}.Release(DLL)|x64.Build.0 = Release|x64
		{7829BEC0-3818-40A8-B915-961500ED7941}.Release(DLL)|x86.ActiveCfg = Release|Win32
		{7829BEC0-3818-40A8-B915-961500ED7941}.Release(DLL)|x86.Build.0 = Release|Win32
		{7829BEC0-3818-40A8-B915-961500ED7941}.Release(XP)|x64.ActiveCfg = Release|x64
		{7829BEC0-3818-40A8-B915-961500ED7941}.Release(XP)|x64.Build.0 = Release|x64
		{7829BEC0-3818-40A8-B915-961500ED7941}.Release(XP)|x86.ActiveCfg = Release|Win32
		{7829BEC0-3818-40A8-B915-961500ED7941}.Release(XP)|x86.Build.0 = Release|Win32
		{7829BEC0-3818-40A8-B915-961500ED7941}.Release|x64.ActiveCfg = Release|x64
		{7829BEC0-3818-40A8-B915-961500ED7941}.Release|x64.Build.0 = Release|x64
		{7829BEC0-3818-40A8-B915-961500ED7941}.Release|x86.ActiveCfg = Release|Win32
		{7829BEC0-3818-40A8-B915-961500ED7941}.Release|x86.Build.0 = Release|Win32
		{A2C53563-46F5-4D87-903F-3F1F2FDB2DEB}.Debug(DLL)|x64.ActiveCfg = Debug(DLL)|x64
		{A2C53563-46F5-4D87-903F-3F1F2FDB2DEB}.Debug(DLL)|x64.Build.0 = Debug(DLL)|x64
		{A2C53563-46F5-4D87-903F-3F1F2FDB2DEB}.Debug(DLL)|x86.ActiveCfg = Debug(DLL)|Win32
		{A2C53563-46F5-4D87-903F-3F1F2FDB2DEB}.Debug(DLL)|x86.Build.0 = Debug(DLL)|Win32
		{A2C53563-46F5-4D87-903F-3F1F2FDB2DEB}.Debug(XP)|x64.ActiveCfg = Debug(XP)|x64
		{A2C53563-46F5-4D87-903F-3F1F2FDB2DEB}.Debug(XP)|x64.Build.0 = Debug(XP)|x64
		{A2C53563-46F5-4D87-903F-3F1F2FDB2DEB}.Debug(XP)|x86.ActiveCfg = Debug(XP)|Win32
		{A2C53563-46F5-4D87-903F-3F1F2FDB2DEB}.Debug(XP)|x86.Build.0 = Debug(XP)|Win32
		{A2C53563-46F5-4D87-903F-3F1F2FDB2DEB}.Debug|x64.ActiveCfg = Debug|x64
		{A2C53563-46F5-4D87-903F-3F1F2FDB2DEB}.Debug|x64.Build.0 = Debug|x64
		{A2C53563-46F5-4D87-903F-3F1F2FDB2DEB}.Debug|x86.ActiveCfg = Debug|Win32
		{A2C53563-46F5-4D87-903F-3F1F2FDB2DEB}.Debug|x86.Build.0 = Debug|Win32
		{A2C53563-46F5-4D87-903F-3F1F2FDB2DEB}.Release(DLL)|x64.ActiveCfg = Release(DLL)|x64
		{A2C53563-46F5-4D87-903F-3F1F2FDB2DEB}.Release(DLL)|x64.Build.0 = Release(DLL)|x64
		{A2C53563-46F5-4D87-903F-3F1F2FDB2DEB}.Release(DLL)|x86.ActiveCfg = Release(DLL)|Win32
		{A2C53563-46F5-4D87-903F-3F1F2FDB2DEB}.Release(DLL)|x86.Build.0 = Release(DLL)|Win32
		{A2C53563-46F5-4D87-903F-3F1F2FDB2DEB}.Release(XP)|x64.ActiveCfg = Release(XP)|x64
		{A2C53563-46F5-4D87-903F-3F1F2FDB2DEB}.Release(XP)|x64.Build.0 = Release(XP)|x64
		{A2C53563-46F5-4D87-903F-3F1F2FDB2DEB}.Release(XP)|x86.ActiveCfg = Release(XP)|Win32
		{A2C53563-46F5-4D87-903F-3F1F2FDB2DEB}.Release(XP)|x86.Build.0 = Release(XP)|Win32
		{A2C53563-46F5-4D87-903F-3F1F2FDB2DEB}.Release|x64.ActiveCfg = Release|x64
		{A2C53563-46F5-4D87-903F-3F1F2FDB2DEB}.Release|x64.Build.0 = Release|x64
		{A2C53563-46F5-4D87-903F-3F1F2FDB2DEB}.Release|x86.ActiveCfg = Release|Win32
		{A2C53563-46F5-4D87-903F-3F1F2FDB2DEB}.Release|x86.Build.0 = Release|Win32
	EndGlobalSection
	GlobalSection(SolutionProperties) = preSolution
		HideSolutionNode = FALSE
	EndGlobalSection
	GlobalSection(ExtensibilityGlobals) = postSolution
		SolutionGuid = {975077C5-DB14-44D5-8D5E-CD7946E0B1F9}
	EndGlobalSection
EndGlobal
